
Microsoft Visual Studio Solution File, Format Version 12.00
# Visual Studio Version 17
VisualStudioVersion = 17.6.33723.286
MinimumVisualStudioVersion = 10.0.40219.1
Project("{FAE04EC0-301F-11D3-BF4B-00C04F79EFBC}") = "PresentationLayer", "SurveyConfigurator\PresentationLayer.csproj", "{BAA40229-F8AE-4656-B9EB-96CCA1C87976}"
EndProject
Project("{FAE04EC0-301F-11D3-BF4B-00C04F79EFBC}") = "BusinessLayer", "BusinessLayer\BusinessLayer.csproj", "{83590DEE-950C-4A52-B331-A9F764C2BFFC}"
EndProject
Project("{FAE04EC0-301F-11D3-BF4B-00C04F79EFBC}") = "DatabaseLayer", "DatabaseLayer\DatabaseLayer.csproj", "{C480A8B1-EACB-4FBA-BD46-C8CB9EF8CCF5}"
EndProject
Project("{FAE04EC0-301F-11D3-BF4B-00C04F79EFBC}") = "Utilities", "ErrorLogger\Utilities.csproj", "{FC55DFA2-C3B1-47E7-895C-23495BE94C8F}"
EndProject
Project("{FAE04EC0-301F-11D3-BF4B-00C04F79EFBC}") = "Entities", "Utilities\Entities.csproj", "{DA2CD302-EC67-4203-B8A3-7592B8D86DB1}"
EndProject
Global
	GlobalSection(SolutionConfigurationPlatforms) = preSolution
		Debug|Any CPU = Debug|Any CPU
		Release|Any CPU = Release|Any CPU
	EndGlobalSection
	GlobalSection(ProjectConfigurationPlatforms) = postSolution
		{BAA40229-F8AE-4656-B9EB-96CCA1C87976}.Debug|Any CPU.ActiveCfg = Debug|Any CPU
		{BAA40229-F8AE-4656-B9EB-96CCA1C87976}.Debug|Any CPU.Build.0 = Debug|Any CPU
		{BAA40229-F8AE-4656-B9EB-96CCA1C87976}.Release|Any CPU.ActiveCfg = Release|Any CPU
		{BAA40229-F8AE-4656-B9EB-96CCA1C87976}.Release|Any CPU.Build.0 = Release|Any CPU
		{83590DEE-950C-4A52-B331-A9F764C2BFFC}.Debug|Any CPU.ActiveCfg = Debug|Any CPU
		{83590DEE-950C-4A52-B331-A9F764C2BFFC}.Debug|Any CPU.Build.0 = Debug|Any CPU
		{83590DEE-950C-4A52-B331-A9F764C2BFFC}.Release|Any CPU.ActiveCfg = Release|Any CPU
		{83590DEE-950C-4A52-B331-A9F764C2BFFC}.Release|Any CPU.Build.0 = Release|Any CPU
		{C480A8B1-EACB-4FBA-BD46-C8CB9EF8CCF5}.Debug|Any CPU.ActiveCfg = Debug|Any CPU
		{C480A8B1-EACB-4FBA-BD46-C8CB9EF8CCF5}.Debug|Any CPU.Build.0 = Debug|Any CPU
		{C480A8B1-EACB-4FBA-BD46-C8CB9EF8CCF5}.Release|Any CPU.ActiveCfg = Release|Any CPU
		{C480A8B1-EACB-4FBA-BD46-C8CB9EF8CCF5}.Release|Any CPU.Build.0 = Release|Any CPU
		{FC55DFA2-C3B1-47E7-895C-23495BE94C8F}.Debug|Any CPU.ActiveCfg = Debug|Any CPU
		{FC55DFA2-C3B1-47E7-895C-23495BE94C8F}.Debug|Any CPU.Build.0 = Debug|Any CPU
		{FC55DFA2-C3B1-47E7-895C-23495BE94C8F}.Release|Any CPU.ActiveCfg = Release|Any CPU
		{FC55DFA2-C3B1-47E7-895C-23495BE94C8F}.Release|Any CPU.Build.0 = Release|Any CPU
		{DA2CD302-EC67-4203-B8A3-7592B8D86DB1}.Debug|Any CPU.ActiveCfg = Debug|Any CPU
		{DA2CD302-EC67-4203-B8A3-7592B8D86DB1}.Debug|Any CPU.Build.0 = Debug|Any CPU
		{DA2CD302-EC67-4203-B8A3-7592B8D86DB1}.Release|Any CPU.ActiveCfg = Release|Any CPU
		{DA2CD302-EC67-4203-B8A3-7592B8D86DB1}.Release|Any CPU.Build.0 = Release|Any CPU
	EndGlobalSection
	GlobalSection(SolutionProperties) = preSolution
		HideSolutionNode = FALSE
	EndGlobalSection
	GlobalSection(ExtensibilityGlobals) = postSolution
		SolutionGuid = {2F3E77F5-993B-455C-BF71-C5C19534DD56}
	EndGlobalSection
EndGlobal
